// !$*UTF8*$!
{
	archiveVersion = 1;
	classes = {
	};
	objectVersion = 46;
	objects = {

/* Begin PBXBuildFile section */
		C64472331E95D2C8000C823A /* AppDelegate.swift in Sources */ = {isa = PBXBuildFile; fileRef = C64472321E95D2C8000C823A /* AppDelegate.swift */; };
		C64472381E95D2C8000C823A /* Main.storyboard in Resources */ = {isa = PBXBuildFile; fileRef = C64472361E95D2C8000C823A /* Main.storyboard */; };
		C644723D1E95D2C8000C823A /* LaunchScreen.storyboard in Resources */ = {isa = PBXBuildFile; fileRef = C644723B1E95D2C8000C823A /* LaunchScreen.storyboard */; };
		C660F3B51E9820620087E16B /* GoogleService-Info.plist in Resources */ = {isa = PBXBuildFile; fileRef = C660F3B41E9820620087E16B /* GoogleService-Info.plist */; };
		C674B6751E95D98200EDD327 /* LoginViewController.swift in Sources */ = {isa = PBXBuildFile; fileRef = C674B6741E95D98200EDD327 /* LoginViewController.swift */; };
		C674B6771E95DA0F00EDD327 /* ChatViewController.swift in Sources */ = {isa = PBXBuildFile; fileRef = C674B6761E95DA0F00EDD327 /* ChatViewController.swift */; };
		C68AAD541E988F66009092D3 /* Helper.swift in Sources */ = {isa = PBXBuildFile; fileRef = C68AAD531E988F66009092D3 /* Helper.swift */; };
		C69807421E961927009057FD /* Assets.xcassets in Resources */ = {isa = PBXBuildFile; fileRef = C69807411E961927009057FD /* Assets.xcassets */; };
		D25F6D0B42A98BC2601F2A33 /* Pods_ChatApp.framework in Frameworks */ = {isa = PBXBuildFile; fileRef = 0C4A6DA4DC51C51299DDB811 /* Pods_ChatApp.framework */; };
/* End PBXBuildFile section */

/* Begin PBXFileReference section */
		0C4A6DA4DC51C51299DDB811 /* Pods_ChatApp.framework */ = {isa = PBXFileReference; explicitFileType = wrapper.framework; includeInIndex = 0; path = Pods_ChatApp.framework; sourceTree = BUILT_PRODUCTS_DIR; };
		5CC56F5B192C3CC8EB3390AF /* Pods-ChatApp.debug.xcconfig */ = {isa = PBXFileReference; includeInIndex = 1; lastKnownFileType = text.xcconfig; name = "Pods-ChatApp.debug.xcconfig"; path = "Pods/Target Support Files/Pods-ChatApp/Pods-ChatApp.debug.xcconfig"; sourceTree = "<group>"; };
		C644722F1E95D2C8000C823A /* ChatApp.app */ = {isa = PBXFileReference; explicitFileType = wrapper.application; includeInIndex = 0; path = ChatApp.app; sourceTree = BUILT_PRODUCTS_DIR; };
		C64472321E95D2C8000C823A /* AppDelegate.swift */ = {isa = PBXFileReference; lastKnownFileType = sourcecode.swift; path = AppDelegate.swift; sourceTree = "<group>"; };
		C64472371E95D2C8000C823A /* Base */ = {isa = PBXFileReference; lastKnownFileType = file.storyboard; name = Base; path = Base.lproj/Main.storyboard; sourceTree = "<group>"; };
		C644723C1E95D2C8000C823A /* Base */ = {isa = PBXFileReference; lastKnownFileType = file.storyboard; name = Base; path = Base.lproj/LaunchScreen.storyboard; sourceTree = "<group>"; };
		C644723E1E95D2C8000C823A /* Info.plist */ = {isa = PBXFileReference; lastKnownFileType = text.plist.xml; path = Info.plist; sourceTree = "<group>"; };
		C660F3B41E9820620087E16B /* GoogleService-Info.plist */ = {isa = PBXFileReference; fileEncoding = 4; lastKnownFileType = text.plist.xml; path = "GoogleService-Info.plist"; sourceTree = "<group>"; };
		C674B6741E95D98200EDD327 /* LoginViewController.swift */ = {isa = PBXFileReference; fileEncoding = 4; lastKnownFileType = sourcecode.swift; path = LoginViewController.swift; sourceTree = "<group>"; };
		C674B6761E95DA0F00EDD327 /* ChatViewController.swift */ = {isa = PBXFileReference; fileEncoding = 4; lastKnownFileType = sourcecode.swift; path = ChatViewController.swift; sourceTree = "<group>"; };
		C68AAD531E988F66009092D3 /* Helper.swift */ = {isa = PBXFileReference; fileEncoding = 4; lastKnownFileType = sourcecode.swift; path = Helper.swift; sourceTree = "<group>"; };
		C69807411E961927009057FD /* Assets.xcassets */ = {isa = PBXFileReference; lastKnownFileType = folder.assetcatalog; path = Assets.xcassets; sourceTree = "<group>"; };
		C9785B9EAFB906A50B1CC079 /* Pods-ChatApp.release.xcconfig */ = {isa = PBXFileReference; includeInIndex = 1; lastKnownFileType = text.xcconfig; name = "Pods-ChatApp.release.xcconfig"; path = "Pods/Target Support Files/Pods-ChatApp/Pods-ChatApp.release.xcconfig"; sourceTree = "<group>"; };
/* End PBXFileReference section */

/* Begin PBXFrameworksBuildPhase section */
		C644722C1E95D2C8000C823A /* Frameworks */ = {
			isa = PBXFrameworksBuildPhase;
			buildActionMask = 2147483647;
			files = (
				D25F6D0B42A98BC2601F2A33 /* Pods_ChatApp.framework in Frameworks */,
			);
			runOnlyForDeploymentPostprocessing = 0;
		};
/* End PBXFrameworksBuildPhase section */

/* Begin PBXGroup section */
		822E6625CAC095EA62C10B12 /* Frameworks */ = {
			isa = PBXGroup;
			children = (
				0C4A6DA4DC51C51299DDB811 /* Pods_ChatApp.framework */,
			);
			name = Frameworks;
			sourceTree = "<group>";
		};
		AC80EC350D2CBDDFDAAEA069 /* Pods */ = {
			isa = PBXGroup;
			children = (
				5CC56F5B192C3CC8EB3390AF /* Pods-ChatApp.debug.xcconfig */,
				C9785B9EAFB906A50B1CC079 /* Pods-ChatApp.release.xcconfig */,
			);
			name = Pods;
			sourceTree = "<group>";
		};
		C64472261E95D2C8000C823A = {
			isa = PBXGroup;
			children = (
				C64472311E95D2C8000C823A /* ChatApp */,
				C64472301E95D2C8000C823A /* Products */,
				AC80EC350D2CBDDFDAAEA069 /* Pods */,
				822E6625CAC095EA62C10B12 /* Frameworks */,
			);
			sourceTree = "<group>";
		};
		C64472301E95D2C8000C823A /* Products */ = {
			isa = PBXGroup;
			children = (
				C644722F1E95D2C8000C823A /* ChatApp.app */,
			);
			name = Products;
			sourceTree = "<group>";
		};
		C64472311E95D2C8000C823A /* ChatApp */ = {
			isa = PBXGroup;
			children = (
				C64472321E95D2C8000C823A /* AppDelegate.swift */,
				C674B6741E95D98200EDD327 /* LoginViewController.swift */,
				C68AAD531E988F66009092D3 /* Helper.swift */,
				C674B6761E95DA0F00EDD327 /* ChatViewController.swift */,
				C64472361E95D2C8000C823A /* Main.storyboard */,
				C69807411E961927009057FD /* Assets.xcassets */,
				C644723B1E95D2C8000C823A /* LaunchScreen.storyboard */,
				C660F3B41E9820620087E16B /* GoogleService-Info.plist */,
				C644723E1E95D2C8000C823A /* Info.plist */,
			);
			path = ChatApp;
			sourceTree = "<group>";
		};
/* End PBXGroup section */

/* Begin PBXNativeTarget section */
		C644722E1E95D2C8000C823A /* ChatApp */ = {
			isa = PBXNativeTarget;
			buildConfigurationList = C64472411E95D2C8000C823A /* Build configuration list for PBXNativeTarget "ChatApp" */;
			buildPhases = (
				F29EC6DDB73E28B03BFC30C4 /* [CP] Check Pods Manifest.lock */,
				C644722B1E95D2C8000C823A /* Sources */,
				C644722C1E95D2C8000C823A /* Frameworks */,
				C644722D1E95D2C8000C823A /* Resources */,
				450F3750D37F429FAD0D9C11 /* [CP] Embed Pods Frameworks */,
				616128F9E58431DF2810AD0B /* [CP] Copy Pods Resources */,
			);
			buildRules = (
			);
			dependencies = (
			);
			name = ChatApp;
			productName = ChatApp;
			productReference = C644722F1E95D2C8000C823A /* ChatApp.app */;
			productType = "com.apple.product-type.application";
		};
/* End PBXNativeTarget section */

/* Begin PBXProject section */
		C64472271E95D2C8000C823A /* Project object */ = {
			isa = PBXProject;
			attributes = {
				LastSwiftUpdateCheck = 0830;
				LastUpgradeCheck = 0830;
				ORGANIZATIONNAME = "Xiaoming Chen";
				TargetAttributes = {
					C644722E1E95D2C8000C823A = {
						CreatedOnToolsVersion = 8.3;
						ProvisioningStyle = Automatic;
					};
				};
			};
			buildConfigurationList = C644722A1E95D2C8000C823A /* Build configuration list for PBXProject "ChatApp" */;
			compatibilityVersion = "Xcode 3.2";
			developmentRegion = English;
			hasScannedForEncodings = 0;
			knownRegions = (
				en,
				Base,
			);
			mainGroup = C64472261E95D2C8000C823A;
			productRefGroup = C64472301E95D2C8000C823A /* Products */;
			projectDirPath = "";
			projectRoot = "";
			targets = (
				C644722E1E95D2C8000C823A /* ChatApp */,
			);
		};
/* End PBXProject section */

/* Begin PBXResourcesBuildPhase section */
		C644722D1E95D2C8000C823A /* Resources */ = {
			isa = PBXResourcesBuildPhase;
			buildActionMask = 2147483647;
			files = (
				C644723D1E95D2C8000C823A /* LaunchScreen.storyboard in Resources */,
				C660F3B51E9820620087E16B /* GoogleService-Info.plist in Resources */,
				C69807421E961927009057FD /* Assets.xcassets in Resources */,
				C64472381E95D2C8000C823A /* Main.storyboard in Resources */,
			);
			runOnlyForDeploymentPostprocessing = 0;
		};
/* End PBXResourcesBuildPhase section */

/* Begin PBXShellScriptBuildPhase section */
		450F3750D37F429FAD0D9C11 /* [CP] Embed Pods Frameworks */ = {
			isa = PBXShellScriptBuildPhase;
			buildActionMask = 2147483647;
			files = (
			);
			inputPaths = (
			);
			name = "[CP] Embed Pods Frameworks";
			outputPaths = (
			);
			runOnlyForDeploymentPostprocessing = 0;
			shellPath = /bin/sh;
			shellScript = "\"${SRCROOT}/Pods/Target Support Files/Pods-ChatApp/Pods-ChatApp-frameworks.sh\"\n";
			showEnvVarsInLog = 0;
		};
		616128F9E58431DF2810AD0B /* [CP] Copy Pods Resources */ = {
			isa = PBXShellScriptBuildPhase;
			buildActionMask = 2147483647;
			files = (
			);
			inputPaths = (
			);
			name = "[CP] Copy Pods Resources";
			outputPaths = (
			);
			runOnlyForDeploymentPostprocessing = 0;
			shellPath = /bin/sh;
			shellScript = "\"${SRCROOT}/Pods/Target Support Files/Pods-ChatApp/Pods-ChatApp-resources.sh\"\n";
			showEnvVarsInLog = 0;
		};
		F29EC6DDB73E28B03BFC30C4 /* [CP] Check Pods Manifest.lock */ = {
			isa = PBXShellScriptBuildPhase;
			buildActionMask = 2147483647;
			files = (
			);
			inputPaths = (
			);
			name = "[CP] Check Pods Manifest.lock";
			outputPaths = (
			);
			runOnlyForDeploymentPostprocessing = 0;
			shellPath = /bin/sh;
			shellScript = "diff \"${PODS_ROOT}/../Podfile.lock\" \"${PODS_ROOT}/Manifest.lock\" > /dev/null\nif [ $? != 0 ] ; then\n    # print error to STDERR\n    echo \"error: The sandbox is not in sync with the Podfile.lock. Run 'pod install' or update your CocoaPods installation.\" >&2\n    exit 1\nfi\n";
			showEnvVarsInLog = 0;
		};
/* End PBXShellScriptBuildPhase section */

/* Begin PBXSourcesBuildPhase section */
		C644722B1E95D2C8000C823A /* Sources */ = {
			isa = PBXSourcesBuildPhase;
			buildActionMask = 2147483647;
			files = (
				C674B6751E95D98200EDD327 /* LoginViewController.swift in Sources */,
				C674B6771E95DA0F00EDD327 /* ChatViewController.swift in Sources */,
				C64472331E95D2C8000C823A /* AppDelegate.swift in Sources */,
				C68AAD541E988F66009092D3 /* Helper.swift in Sources */,
			);
			runOnlyForDeploymentPostprocessing = 0;
		};
/* End PBXSourcesBuildPhase section */

/* Begin PBXVariantGroup section */
		C64472361E95D2C8000C823A /* Main.storyboard */ = {
			isa = PBXVariantGroup;
			children = (
				C64472371E95D2C8000C823A /* Base */,
			);
			name = Main.storyboard;
			sourceTree = "<group>";
		};
		C644723B1E95D2C8000C823A /* LaunchScreen.storyboard */ = {
			isa = PBXVariantGroup;
			children = (
				C644723C1E95D2C8000C823A /* Base */,
			);
			name = LaunchScreen.storyboard;
			sourceTree = "<group>";
		};
/* End PBXVariantGroup section */

/* Begin XCBuildConfiguration section */
		C644723F1E95D2C8000C823A /* Debug */ = {
			isa = XCBuildConfiguration;
			buildSettings = {
				ALWAYS_SEARCH_USER_PATHS = NO;
				CLANG_ANALYZER_NONNULL = YES;
				CLANG_ANALYZER_NUMBER_OBJECT_CONVERSION = YES_AGGRESSIVE;
				CLANG_CXX_LANGUAGE_STANDARD = "gnu++0x";
				CLANG_CXX_LIBRARY = "libc++";
				CLANG_ENABLE_MODULES = YES;
				CLANG_ENABLE_OBJC_ARC = YES;
				CLANG_WARN_BOOL_CONVERSION = YES;
				CLANG_WARN_CONSTANT_CONVERSION = YES;
				CLANG_WARN_DIRECT_OBJC_ISA_USAGE = YES_ERROR;
				CLANG_WARN_DOCUMENTATION_COMMENTS = YES;
				CLANG_WARN_EMPTY_BODY = YES;
				CLANG_WARN_ENUM_CONVERSION = YES;
				CLANG_WARN_INFINITE_RECURSION = YES;
				CLANG_WARN_INT_CONVERSION = YES;
				CLANG_WARN_OBJC_ROOT_CLASS = YES_ERROR;
				CLANG_WARN_SUSPICIOUS_MOVE = YES;
				CLANG_WARN_UNREACHABLE_CODE = YES;
				CLANG_WARN__DUPLICATE_METHOD_MATCH = YES;
				"CODE_SIGN_IDENTITY[sdk=iphoneos*]" = "iPhone Developer";
				COPY_PHASE_STRIP = NO;
				DEBUG_INFORMATION_FORMAT = dwarf;
				ENABLE_STRICT_OBJC_MSGSEND = YES;
				ENABLE_TESTABILITY = YES;
				GCC_C_LANGUAGE_STANDARD = gnu99;
				GCC_DYNAMIC_NO_PIC = NO;
				GCC_NO_COMMON_BLOCKS = YES;
				GCC_OPTIMIZATION_LEVEL = 0;
				GCC_PREPROCESSOR_DEFINITIONS = (
					"DEBUG=1",
					"$(inherited)",
				);
				GCC_WARN_64_TO_32_BIT_CONVERSION = YES;
				GCC_WARN_ABOUT_RETURN_TYPE = YES_ERROR;
				GCC_WARN_UNDECLARED_SELECTOR = YES;
				GCC_WARN_UNINITIALIZED_AUTOS = YES_AGGRESSIVE;
				GCC_WARN_UNUSED_FUNCTION = YES;
				GCC_WARN_UNUSED_VARIABLE = YES;
				IPHONEOS_DEPLOYMENT_TARGET = 10.3;
				MTL_ENABLE_DEBUG_INFO = YES;
				ONLY_ACTIVE_ARCH = YES;
				SDKROOT = iphoneos;
				SWIFT_ACTIVE_COMPILATION_CONDITIONS = DEBUG;
				SWIFT_OPTIMIZATION_LEVEL = "-Onone";
			};
			name = Debug;
		};
		C64472401E95D2C8000C823A /* Release */ = {
			isa = XCBuildConfiguration;
			buildSettings = {
				ALWAYS_SEARCH_USER_PATHS = NO;
				CLANG_ANALYZER_NONNULL = YES;
				CLANG_ANALYZER_NUMBER_OBJECT_CONVERSION = YES_AGGRESSIVE;
				CLANG_CXX_LANGUAGE_STANDARD = "gnu++0x";
				CLANG_CXX_LIBRARY = "libc++";
				CLANG_ENABLE_MODULES = YES;
				CLANG_ENABLE_OBJC_ARC = YES;
				CLANG_WARN_BOOL_CONVERSION = YES;
				CLANG_WARN_CONSTANT_CONVERSION = YES;
				CLANG_WARN_DIRECT_OBJC_ISA_USAGE = YES_ERROR;
				CLANG_WARN_DOCUMENTATION_COMMENTS = YES;
				CLANG_WARN_EMPTY_BODY = YES;
				CLANG_WARN_ENUM_CONVERSION = YES;
				CLANG_WARN_INFINITE_RECURSION = YES;
				CLANG_WARN_INT_CONVERSION = YES;
				CLANG_WARN_OBJC_ROOT_CLASS = YES_ERROR;
				CLANG_WARN_SUSPICIOUS_MOVE = YES;
				CLANG_WARN_UNREACHABLE_CODE = YES;
				CLANG_WARN__DUPLICATE_METHOD_MATCH = YES;
				"CODE_SIGN_IDENTITY[sdk=iphoneos*]" = "iPhone Developer";
				COPY_PHASE_STRIP = NO;
				DEBUG_INFORMATION_FORMAT = "dwarf-with-dsym";
				ENABLE_NS_ASSERTIONS = NO;
				ENABLE_STRICT_OBJC_MSGSEND = YES;
				GCC_C_LANGUAGE_STANDARD = gnu99;
				GCC_NO_COMMON_BLOCKS = YES;
				GCC_WARN_64_TO_32_BIT_CONVERSION = YES;
				GCC_WARN_ABOUT_RETURN_TYPE = YES_ERROR;
				GCC_WARN_UNDECLARED_SELECTOR = YES;
				GCC_WARN_UNINITIALIZED_AUTOS = YES_AGGRESSIVE;
				GCC_WARN_UNUSED_FUNCTION = YES;
				GCC_WARN_UNUSED_VARIABLE = YES;
				IPHONEOS_DEPLOYMENT_TARGET = 10.3;
				MTL_ENABLE_DEBUG_INFO = NO;
				SDKROOT = iphoneos;
				SWIFT_OPTIMIZATION_LEVEL = "-Owholemodule";
				VALIDATE_PRODUCT = YES;
			};
			name = Release;
		};
		C64472421E95D2C8000C823A /* Debug */ = {
			isa = XCBuildConfiguration;
			baseConfigurationReference = 5CC56F5B192C3CC8EB3390AF /* Pods-ChatApp.debug.xcconfig */;
			buildSettings = {
				ASSETCATALOG_COMPILER_APPICON_NAME = AppIcon;
				FRAMEWORK_SEARCH_PATHS = (
					"$(SRCROOT)",
					"$(PROJECT_DIR)/build/Debug-iphoneos",
					"$(inherited)",
				);
				INFOPLIST_FILE = ChatApp/Info.plist;
				LD_RUNPATH_SEARCH_PATHS = "$(inherited) @executable_path/Frameworks";
				PRODUCT_BUNDLE_IDENTIFIER = com.Xiaoming.ChatApp;
				PRODUCT_NAME = "$(TARGET_NAME)";
				SWIFT_VERSION = 3.0;
			};
			name = Debug;
		};
		C64472431E95D2C8000C823A /* Release */ = {
			isa = XCBuildConfiguration;
			baseConfigurationReference = C9785B9EAFB906A50B1CC079 /* Pods-ChatApp.release.xcconfig */;
			buildSettings = {
				ASSETCATALOG_COMPILER_APPICON_NAME = AppIcon;
				FRAMEWORK_SEARCH_PATHS = (
					"$(SRCROOT)",
					"$(PROJECT_DIR)/build/Debug-iphoneos",
					"$(inherited)",
				);
				INFOPLIST_FILE = ChatApp/Info.plist;
				LD_RUNPATH_SEARCH_PATHS = "$(inherited) @executable_path/Frameworks";
				PRODUCT_BUNDLE_IDENTIFIER = com.Xiaoming.ChatApp;
				PRODUCT_NAME = "$(TARGET_NAME)";
				SWIFT_VERSION = 3.0;
			};
			name = Release;
		};
/* End XCBuildConfiguration section */

/* Begin XCConfigurationList section */
		C644722A1E95D2C8000C823A /* Build configuration list for PBXProject "ChatApp" */ = {
			isa = XCConfigurationList;
			buildConfigurations = (
				C644723F1E95D2C8000C823A /* Debug */,
				C64472401E95D2C8000C823A /* Release */,
			);
			defaultConfigurationIsVisible = 0;
			defaultConfigurationName = Release;
		};
		C64472411E95D2C8000C823A /* Build configuration list for PBXNativeTarget "ChatApp" */ = {
			isa = XCConfigurationList;
			buildConfigurations = (
				C64472421E95D2C8000C823A /* Debug */,
				C64472431E95D2C8000C823A /* Release */,
			);
			defaultConfigurationIsVisible = 0;
			defaultConfigurationName = Release;
		};
/* End XCConfigurationList section */
	};
	rootObject = C64472271E95D2C8000C823A /* Project object */;
}
